{
  "name": "i18next-stenciljs-poc",
  "version": "0.0.1",
  "lockfileVersion": 2,
  "requires": true,
  "packages": {
    "": {
      "version": "0.0.1",
      "license": "MIT",
      "dependencies": {
        "@stencil/core": "npm:@johnjenkins/stencil-community@^0.1.0",
        "i18next": "^20.3.2",
        "loc-i18next": "^0.1.4"
      }
    },
    "@johnjenkins/stencil-community": {
      "extraneous": true
    },
    "node_modules/@babel/runtime": {
      "version": "7.14.6",
      "resolved": "https://registry.npmjs.org/@babel/runtime/-/runtime-7.14.6.tgz",
      "integrity": "sha512-/PCB2uJ7oM44tz8YhC4Z/6PeOKXp4K588f+5M3clr1M4zbqztlo0XEfJ2LEzj/FgwfgGcIdl8n7YYjTCI0BYwg==",
      "dependencies": {
        "regenerator-runtime": "^0.13.4"
      },
      "engines": {
        "node": ">=6.9.0"
      }
    },
    "node_modules/@stencil/core": {
      "name": "@johnjenkins/stencil-community",
      "version": "0.1.0",
      "resolved": "https://registry.npmjs.org/@johnjenkins/stencil-community/-/stencil-community-0.1.0.tgz",
      "integrity": "sha512-G5VCaKn/qdWwH6XH2i158owEyDbYfZ/9DTGCyKOvOihalHmOmVQrCG9lkbHAQ6k2NS5gbRsYwpTmww8XfC31ZQ==",
      "bin": {
        "stencil": "bin/stencil"
      },
      "engines": {
        "node": ">=12.10.0",
        "npm": ">=6.0.0"
      }
    },
    "node_modules/i18next": {
      "version": "20.3.2",
      "resolved": "https://registry.npmjs.org/i18next/-/i18next-20.3.2.tgz",
      "integrity": "sha512-e8CML2R9Ng2sSQOM80wb/PrM2j8mDm84o/T4Amzn9ArVyNX5/ENWxxAXkRpZdTQNDaxKImF93Wep4mAoozFrKw==",
      "dependencies": {
        "@babel/runtime": "^7.12.0"
      }
    },
    "node_modules/loc-i18next": {
      "version": "0.1.4",
      "resolved": "https://registry.npmjs.org/loc-i18next/-/loc-i18next-0.1.4.tgz",
      "integrity": "sha512-lw/232jHRVXPGhxycmeGD/87t9Cj87XpKBM0N8k3QloRwId5pZ2fVU2gKMWqHwWZr2tZ6jofBRTeuLth37io+g=="
    },
    "node_modules/regenerator-runtime": {
      "version": "0.13.7",
      "resolved": "https://registry.npmjs.org/regenerator-runtime/-/regenerator-runtime-0.13.7.tgz",
      "integrity": "sha512-a54FxoJDIr27pgf7IgeQGxmqUNYrcV338lf/6gH456HZ/PhX+5BcwHXG9ajESmwe6WRO0tAzRUrRmNONWgkrew=="
    }
  },
  "dependencies": {
    "@babel/runtime": {
      "version": "7.14.6",
      "resolved": "https://registry.npmjs.org/@babel/runtime/-/runtime-7.14.6.tgz",
      "integrity": "sha512-/PCB2uJ7oM44tz8YhC4Z/6PeOKXp4K588f+5M3clr1M4zbqztlo0XEfJ2LEzj/FgwfgGcIdl8n7YYjTCI0BYwg==",
      "requires": {
        "regenerator-runtime": "^0.13.4"
      }
    },
    "@stencil/core": {
      "version": "npm:@johnjenkins/stencil-community@0.1.0",
      "resolved": "https://registry.npmjs.org/@johnjenkins/stencil-community/-/stencil-community-0.1.0.tgz",
      "integrity": "sha512-G5VCaKn/qdWwH6XH2i158owEyDbYfZ/9DTGCyKOvOihalHmOmVQrCG9lkbHAQ6k2NS5gbRsYwpTmww8XfC31ZQ=="
    },
    "i18next": {
      "version": "20.3.2",
      "resolved": "https://registry.npmjs.org/i18next/-/i18next-20.3.2.tgz",
      "integrity": "sha512-e8CML2R9Ng2sSQOM80wb/PrM2j8mDm84o/T4Amzn9ArVyNX5/ENWxxAXkRpZdTQNDaxKImF93Wep4mAoozFrKw==",
      "requires": {
        "@babel/runtime": "^7.12.0"
      }
    },
    "loc-i18next": {
      "version": "0.1.4",
      "resolved": "https://registry.npmjs.org/loc-i18next/-/loc-i18next-0.1.4.tgz",
      "integrity": "sha512-lw/232jHRVXPGhxycmeGD/87t9Cj87XpKBM0N8k3QloRwId5pZ2fVU2gKMWqHwWZr2tZ6jofBRTeuLth37io+g=="
    },
    "regenerator-runtime": {
      "version": "0.13.7",
      "resolved": "https://registry.npmjs.org/regenerator-runtime/-/regenerator-runtime-0.13.7.tgz",
      "integrity": "sha512-a54FxoJDIr27pgf7IgeQGxmqUNYrcV338lf/6gH456HZ/PhX+5BcwHXG9ajESmwe6WRO0tAzRUrRmNONWgkrew=="
    }
  }
}
