{
  "name": "i18next-stenciljs-poc",
  "version": "0.0.1",
  "lockfileVersion": 2,
  "requires": true,
  "packages": {
    "": {
      "version": "0.0.1",
      "license": "MIT",
      "dependencies": {
        "@stencil/core": "npm:@johnjenkins/stencil-community@^0.1.0"
      }
    },
    "@johnjenkins/stencil-community": {
      "extraneous": true
    },
    "node_modules/@stencil/core": {
      "name": "@johnjenkins/stencil-community",
      "version": "0.1.0",
      "resolved": "https://registry.npmjs.org/@johnjenkins/stencil-community/-/stencil-community-0.1.0.tgz",
      "integrity": "sha512-G5VCaKn/qdWwH6XH2i158owEyDbYfZ/9DTGCyKOvOihalHmOmVQrCG9lkbHAQ6k2NS5gbRsYwpTmww8XfC31ZQ==",
      "bin": {
        "stencil": "bin/stencil"
      },
      "engines": {
        "node": ">=12.10.0",
        "npm": ">=6.0.0"
      }
    }
  },
  "dependencies": {
    "@stencil/core": {
      "version": "npm:@johnjenkins/stencil-community@0.1.0",
      "resolved": "https://registry.npmjs.org/@johnjenkins/stencil-community/-/stencil-community-0.1.0.tgz",
      "integrity": "sha512-G5VCaKn/qdWwH6XH2i158owEyDbYfZ/9DTGCyKOvOihalHmOmVQrCG9lkbHAQ6k2NS5gbRsYwpTmww8XfC31ZQ=="
    }
  }
}
